
Microsoft Visual Studio Solution File, Format Version 12.00
# Visual Studio 15
VisualStudioVersion = 15.0.28010.2048
MinimumVisualStudioVersion = 10.0.40219.1
Project("{FAE04EC0-301F-11D3-BF4B-00C04F79EFBC}") = "ToplulukPuanOtomasyonu", "ToplulukPuanOtomasyonu.csproj", "{578AC564-F9CE-4140-A674-471A029C0E33}"
EndProject
Global
	GlobalSection(SolutionConfigurationPlatforms) = preSolution
		Debug|Any CPU = Debug|Any CPU
		Release|Any CPU = Release|Any CPU
	EndGlobalSection
	GlobalSection(ProjectConfigurationPlatforms) = postSolution
		{578AC564-F9CE-4140-A674-471A029C0E33}.Debug|Any CPU.ActiveCfg = Debug|Any CPU
		{578AC564-F9CE-4140-A674-471A029C0E33}.Debug|Any CPU.Build.0 = Debug|Any CPU
		{578AC564-F9CE-4140-A674-471A029C0E33}.Release|Any CPU.ActiveCfg = Release|Any CPU
		{578AC564-F9CE-4140-A674-471A029C0E33}.Release|Any CPU.Build.0 = Release|Any CPU
	EndGlobalSection
	GlobalSection(SolutionProperties) = preSolution
		HideSolutionNode = FALSE
	EndGlobalSection
	GlobalSection(ExtensibilityGlobals) = postSolution
		SolutionGuid = {11A02681-564C-4848-B0A0-7E4E56D98E17}
	EndGlobalSection
EndGlobal
